
Microsoft Visual Studio Solution File, Format Version 12.00
# Visual Studio Version 17
VisualStudioVersion = 17.3.32929.385
MinimumVisualStudioVersion = 10.0.40219.1
Project("{FAE04EC0-301F-11D3-BF4B-00C04F79EFBC}") = "WpfApp7", "WpfApp7.csproj", "{F2E771BB-8BAD-4D57-AD58-97B5F16622F7}"
EndProject
Global
	GlobalSection(SolutionConfigurationPlatforms) = preSolution
		Debug|Any CPU = Debug|Any CPU
		Release|Any CPU = Release|Any CPU
	EndGlobalSection
	GlobalSection(ProjectConfigurationPlatforms) = postSolution
		{F2E771BB-8BAD-4D57-AD58-97B5F16622F7}.Debug|Any CPU.ActiveCfg = Debug|Any CPU
		{F2E771BB-8BAD-4D57-AD58-97B5F16622F7}.Debug|Any CPU.Build.0 = Debug|Any CPU
		{F2E771BB-8BAD-4D57-AD58-97B5F16622F7}.Release|Any CPU.ActiveCfg = Release|Any CPU
		{F2E771BB-8BAD-4D57-AD58-97B5F16622F7}.Release|Any CPU.Build.0 = Release|Any CPU
	EndGlobalSection
	GlobalSection(SolutionProperties) = preSolution
		HideSolutionNode = FALSE
	EndGlobalSection
	GlobalSection(ExtensibilityGlobals) = postSolution
		SolutionGuid = {B53CFA18-BC32-428D-95E7-E77351E6B6A0}
	EndGlobalSection
EndGlobal
